# THIS IS AN AUTOGENERATED FILE. DO NOT EDIT THIS FILE DIRECTLY.
# yarn lockfile v1


pnpm@^8.10.0:
  version "8.15.9"
  resolved "https://registry.yarnpkg.com/pnpm/-/pnpm-8.15.9.tgz#aa4bc353b5f59fe1f1df5d802ce049ddf7f3c60e"
  integrity sha512-SZQ0ydj90aJ5Tr9FUrOyXApjOrzuW7Fee13pDzL0e1E6ypjNXP0AHDHw20VLw4BO3M1XhQHkyik6aBYWa72fgQ==
